// !$*UTF8*$!
{
	archiveVersion = 1;
	classes = {
	};
	objectVersion = 77;
	objects = {

/* Begin PBXBuildFile section */
		C926D34A2D42507D0055A5A8 /* Launch Screen.storyboard in Resources */ = {isa = PBXBuildFile; fileRef = C926D3492D42507D0055A5A8 /* Launch Screen.storyboard */; };
		C9981E372D414BDE000ED49A /* FirebaseDatabase in Frameworks */ = {isa = PBXBuildFile; productRef = C9981E362D414BDE000ED49A /* FirebaseDatabase */; };
		C9981E3A2D414D37000ED49A /* FirebaseDatabase in Frameworks */ = {isa = PBXBuildFile; productRef = C9981E392D414D37000ED49A /* FirebaseDatabase */; };
		C9981E3C2D414D3F000ED49A /* FirebaseDatabase in Frameworks */ = {isa = PBXBuildFile; productRef = C9981E3B2D414D3F000ED49A /* FirebaseDatabase */; };
/* End PBXBuildFile section */

/* Begin PBXContainerItemProxy section */
		C9241EEC2D39190700139CB6 /* PBXContainerItemProxy */ = {
			isa = PBXContainerItemProxy;
			containerPortal = C9241ECE2D39190500139CB6 /* Project object */;
			proxyType = 1;
			remoteGlobalIDString = C9241ED52D39190500139CB6;
			remoteInfo = DogBreeds;
		};
		C9241EF62D39190700139CB6 /* PBXContainerItemProxy */ = {
			isa = PBXContainerItemProxy;
			containerPortal = C9241ECE2D39190500139CB6 /* Project object */;
			proxyType = 1;
			remoteGlobalIDString = C9241ED52D39190500139CB6;
			remoteInfo = DogBreeds;
		};
/* End PBXContainerItemProxy section */

/* Begin PBXFileReference section */
		C9241ED62D39190500139CB6 /* DogBreeds.app */ = {isa = PBXFileReference; explicitFileType = wrapper.application; includeInIndex = 0; path = DogBreeds.app; sourceTree = BUILT_PRODUCTS_DIR; };
		C9241EEB2D39190700139CB6 /* DogBreedsTests.xctest */ = {isa = PBXFileReference; explicitFileType = wrapper.cfbundle; includeInIndex = 0; path = DogBreedsTests.xctest; sourceTree = BUILT_PRODUCTS_DIR; };
		C9241EF52D39190700139CB6 /* DogBreedsUITests.xctest */ = {isa = PBXFileReference; explicitFileType = wrapper.cfbundle; includeInIndex = 0; path = DogBreedsUITests.xctest; sourceTree = BUILT_PRODUCTS_DIR; };
		C926D3492D42507D0055A5A8 /* Launch Screen.storyboard */ = {isa = PBXFileReference; lastKnownFileType = file.storyboard; path = "Launch Screen.storyboard"; sourceTree = "<group>"; };
/* End PBXFileReference section */

/* Begin PBXFileSystemSynchronizedBuildFileExceptionSet section */
		C914BBB12D4010C200394A9E /* Exceptions for "DogBreeds" folder in "DogBreedsTests" target */ = {
			isa = PBXFileSystemSynchronizedBuildFileExceptionSet;
			membershipExceptions = (
				"GoogleService-Info.plist",
			);
			target = C9241EEA2D39190700139CB6 /* DogBreedsTests */;
		};
		C914BBB22D4010C200394A9E /* Exceptions for "DogBreeds" folder in "DogBreedsUITests" target */ = {
			isa = PBXFileSystemSynchronizedBuildFileExceptionSet;
			membershipExceptions = (
				"GoogleService-Info.plist",
			);
			target = C9241EF42D39190700139CB6 /* DogBreedsUITests */;
		};
		C926D3482D4250670055A5A8 /* Exceptions for "DogBreeds" folder in "DogBreeds" target */ = {
			isa = PBXFileSystemSynchronizedBuildFileExceptionSet;
			membershipExceptions = (
				Info.plist,
			);
			target = C9241ED52D39190500139CB6 /* DogBreeds */;
		};
/* End PBXFileSystemSynchronizedBuildFileExceptionSet section */

/* Begin PBXFileSystemSynchronizedRootGroup section */
		C9241ED82D39190500139CB6 /* DogBreeds */ = {
			isa = PBXFileSystemSynchronizedRootGroup;
			exceptions = (
				C926D3482D4250670055A5A8 /* Exceptions for "DogBreeds" folder in "DogBreeds" target */,
				C914BBB12D4010C200394A9E /* Exceptions for "DogBreeds" folder in "DogBreedsTests" target */,
				C914BBB22D4010C200394A9E /* Exceptions for "DogBreeds" folder in "DogBreedsUITests" target */,
			);
			path = DogBreeds;
			sourceTree = "<group>";
		};
		C9241EEE2D39190700139CB6 /* DogBreedsTests */ = {
			isa = PBXFileSystemSynchronizedRootGroup;
			path = DogBreedsTests;
			sourceTree = "<group>";
		};
		C9241EF82D39190700139CB6 /* DogBreedsUITests */ = {
			isa = PBXFileSystemSynchronizedRootGroup;
			path = DogBreedsUITests;
			sourceTree = "<group>";
		};
/* End PBXFileSystemSynchronizedRootGroup section */

/* Begin PBXFrameworksBuildPhase section */
		C9241ED32D39190500139CB6 /* Frameworks */ = {
			isa = PBXFrameworksBuildPhase;
			buildActionMask = 2147483647;
			files = (
				C9981E372D414BDE000ED49A /* FirebaseDatabase in Frameworks */,
			);
			runOnlyForDeploymentPostprocessing = 0;
		};
		C9241EE82D39190700139CB6 /* Frameworks */ = {
			isa = PBXFrameworksBuildPhase;
			buildActionMask = 2147483647;
			files = (
				C9981E3A2D414D37000ED49A /* FirebaseDatabase in Frameworks */,
			);
			runOnlyForDeploymentPostprocessing = 0;
		};
		C9241EF22D39190700139CB6 /* Frameworks */ = {
			isa = PBXFrameworksBuildPhase;
			buildActionMask = 2147483647;
			files = (
				C9981E3C2D414D3F000ED49A /* FirebaseDatabase in Frameworks */,
			);
			runOnlyForDeploymentPostprocessing = 0;
		};
/* End PBXFrameworksBuildPhase section */

/* Begin PBXGroup section */
		C9241ECD2D39190500139CB6 = {
			isa = PBXGroup;
			children = (
				C926D3492D42507D0055A5A8 /* Launch Screen.storyboard */,
				C9241ED82D39190500139CB6 /* DogBreeds */,
				C9241EEE2D39190700139CB6 /* DogBreedsTests */,
				C9241EF82D39190700139CB6 /* DogBreedsUITests */,
				C9981E382D414D37000ED49A /* Frameworks */,
				C9241ED72D39190500139CB6 /* Products */,
			);
			sourceTree = "<group>";
		};
		C9241ED72D39190500139CB6 /* Products */ = {
			isa = PBXGroup;
			children = (
				C9241ED62D39190500139CB6 /* DogBreeds.app */,
				C9241EEB2D39190700139CB6 /* DogBreedsTests.xctest */,
				C9241EF52D39190700139CB6 /* DogBreedsUITests.xctest */,
			);
			name = Products;
			sourceTree = "<group>";
		};
		C9981E382D414D37000ED49A /* Frameworks */ = {
			isa = PBXGroup;
			children = (
			);
			name = Frameworks;
			sourceTree = "<group>";
		};
/* End PBXGroup section */

/* Begin PBXNativeTarget section */
		C9241ED52D39190500139CB6 /* DogBreeds */ = {
			isa = PBXNativeTarget;
			buildConfigurationList = C9241EFF2D39190700139CB6 /* Build configuration list for PBXNativeTarget "DogBreeds" */;
			buildPhases = (
				C9241ED22D39190500139CB6 /* Sources */,
				C9241ED32D39190500139CB6 /* Frameworks */,
				C9241ED42D39190500139CB6 /* Resources */,
			);
			buildRules = (
			);
			dependencies = (
			);
			fileSystemSynchronizedGroups = (
				C9241ED82D39190500139CB6 /* DogBreeds */,
			);
			name = DogBreeds;
			packageProductDependencies = (
				C9981E362D414BDE000ED49A /* FirebaseDatabase */,
			);
			productName = DogBreeds;
			productReference = C9241ED62D39190500139CB6 /* DogBreeds.app */;
			productType = "com.apple.product-type.application";
		};
		C9241EEA2D39190700139CB6 /* DogBreedsTests */ = {
			isa = PBXNativeTarget;
			buildConfigurationList = C9241F022D39190700139CB6 /* Build configuration list for PBXNativeTarget "DogBreedsTests" */;
			buildPhases = (
				C9241EE72D39190700139CB6 /* Sources */,
				C9241EE82D39190700139CB6 /* Frameworks */,
				C9241EE92D39190700139CB6 /* Resources */,
			);
			buildRules = (
			);
			dependencies = (
				C9241EED2D39190700139CB6 /* PBXTargetDependency */,
			);
			fileSystemSynchronizedGroups = (
				C9241EEE2D39190700139CB6 /* DogBreedsTests */,
			);
			name = DogBreedsTests;
			packageProductDependencies = (
				C9981E392D414D37000ED49A /* FirebaseDatabase */,
			);
			productName = DogBreedsTests;
			productReference = C9241EEB2D39190700139CB6 /* DogBreedsTests.xctest */;
			productType = "com.apple.product-type.bundle.unit-test";
		};
		C9241EF42D39190700139CB6 /* DogBreedsUITests */ = {
			isa = PBXNativeTarget;
			buildConfigurationList = C9241F052D39190700139CB6 /* Build configuration list for PBXNativeTarget "DogBreedsUITests" */;
			buildPhases = (
				C9241EF12D39190700139CB6 /* Sources */,
				C9241EF22D39190700139CB6 /* Frameworks */,
				C9241EF32D39190700139CB6 /* Resources */,
			);
			buildRules = (
			);
			dependencies = (
				C9241EF72D39190700139CB6 /* PBXTargetDependency */,
			);
			fileSystemSynchronizedGroups = (
				C9241EF82D39190700139CB6 /* DogBreedsUITests */,
			);
			name = DogBreedsUITests;
			packageProductDependencies = (
				C9981E3B2D414D3F000ED49A /* FirebaseDatabase */,
			);
			productName = DogBreedsUITests;
			productReference = C9241EF52D39190700139CB6 /* DogBreedsUITests.xctest */;
			productType = "com.apple.product-type.bundle.ui-testing";
		};
/* End PBXNativeTarget section */

/* Begin PBXProject section */
		C9241ECE2D39190500139CB6 /* Project object */ = {
			isa = PBXProject;
			attributes = {
				BuildIndependentTargetsInParallel = 1;
				LastSwiftUpdateCheck = 1620;
				LastUpgradeCheck = 1620;
				TargetAttributes = {
					C9241ED52D39190500139CB6 = {
						CreatedOnToolsVersion = 16.2;
					};
					C9241EEA2D39190700139CB6 = {
						CreatedOnToolsVersion = 16.2;
						TestTargetID = C9241ED52D39190500139CB6;
					};
					C9241EF42D39190700139CB6 = {
						CreatedOnToolsVersion = 16.2;
						TestTargetID = C9241ED52D39190500139CB6;
					};
				};
			};
			buildConfigurationList = C9241ED12D39190500139CB6 /* Build configuration list for PBXProject "DogBreeds" */;
			developmentRegion = en;
			hasScannedForEncodings = 0;
			knownRegions = (
				en,
				Base,
			);
			mainGroup = C9241ECD2D39190500139CB6;
			minimizedProjectReferenceProxies = 1;
			packageReferences = (
				C9981E352D414BDE000ED49A /* XCRemoteSwiftPackageReference "firebase-ios-sdk" */,
			);
			preferredProjectObjectVersion = 77;
			productRefGroup = C9241ED72D39190500139CB6 /* Products */;
			projectDirPath = "";
			projectRoot = "";
			targets = (
				C9241ED52D39190500139CB6 /* DogBreeds */,
				C9241EEA2D39190700139CB6 /* DogBreedsTests */,
				C9241EF42D39190700139CB6 /* DogBreedsUITests */,
			);
		};
/* End PBXProject section */

/* Begin PBXResourcesBuildPhase section */
		C9241ED42D39190500139CB6 /* Resources */ = {
			isa = PBXResourcesBuildPhase;
			buildActionMask = 2147483647;
			files = (
				C926D34A2D42507D0055A5A8 /* Launch Screen.storyboard in Resources */,
			);
			runOnlyForDeploymentPostprocessing = 0;
		};
		C9241EE92D39190700139CB6 /* Resources */ = {
			isa = PBXResourcesBuildPhase;
			buildActionMask = 2147483647;
			files = (
			);
			runOnlyForDeploymentPostprocessing = 0;
		};
		C9241EF32D39190700139CB6 /* Resources */ = {
			isa = PBXResourcesBuildPhase;
			buildActionMask = 2147483647;
			files = (
			);
			runOnlyForDeploymentPostprocessing = 0;
		};
/* End PBXResourcesBuildPhase section */

/* Begin PBXSourcesBuildPhase section */
		C9241ED22D39190500139CB6 /* Sources */ = {
			isa = PBXSourcesBuildPhase;
			buildActionMask = 2147483647;
			files = (
			);
			runOnlyForDeploymentPostprocessing = 0;
		};
		C9241EE72D39190700139CB6 /* Sources */ = {
			isa = PBXSourcesBuildPhase;
			buildActionMask = 2147483647;
			files = (
			);
			runOnlyForDeploymentPostprocessing = 0;
		};
		C9241EF12D39190700139CB6 /* Sources */ = {
			isa = PBXSourcesBuildPhase;
			buildActionMask = 2147483647;
			files = (
			);
			runOnlyForDeploymentPostprocessing = 0;
		};
/* End PBXSourcesBuildPhase section */

/* Begin PBXTargetDependency section */
		C9241EED2D39190700139CB6 /* PBXTargetDependency */ = {
			isa = PBXTargetDependency;
			target = C9241ED52D39190500139CB6 /* DogBreeds */;
			targetProxy = C9241EEC2D39190700139CB6 /* PBXContainerItemProxy */;
		};
		C9241EF72D39190700139CB6 /* PBXTargetDependency */ = {
			isa = PBXTargetDependency;
			target = C9241ED52D39190500139CB6 /* DogBreeds */;
			targetProxy = C9241EF62D39190700139CB6 /* PBXContainerItemProxy */;
		};
/* End PBXTargetDependency section */

/* Begin XCBuildConfiguration section */
		C9241EFD2D39190700139CB6 /* Debug */ = {
			isa = XCBuildConfiguration;
			buildSettings = {
				ALWAYS_SEARCH_USER_PATHS = NO;
				ASSETCATALOG_COMPILER_GENERATE_SWIFT_ASSET_SYMBOL_EXTENSIONS = YES;
				CLANG_ANALYZER_NONNULL = YES;
				CLANG_ANALYZER_NUMBER_OBJECT_CONVERSION = YES_AGGRESSIVE;
				CLANG_CXX_LANGUAGE_STANDARD = "gnu++20";
				CLANG_ENABLE_MODULES = YES;
				CLANG_ENABLE_OBJC_ARC = YES;
				CLANG_ENABLE_OBJC_WEAK = YES;
				CLANG_WARN_BLOCK_CAPTURE_AUTORELEASING = YES;
				CLANG_WARN_BOOL_CONVERSION = YES;
				CLANG_WARN_COMMA = YES;
				CLANG_WARN_CONSTANT_CONVERSION = YES;
				CLANG_WARN_DEPRECATED_OBJC_IMPLEMENTATIONS = YES;
				CLANG_WARN_DIRECT_OBJC_ISA_USAGE = YES_ERROR;
				CLANG_WARN_DOCUMENTATION_COMMENTS = YES;
				CLANG_WARN_EMPTY_BODY = YES;
				CLANG_WARN_ENUM_CONVERSION = YES;
				CLANG_WARN_INFINITE_RECURSION = YES;
				CLANG_WARN_INT_CONVERSION = YES;
				CLANG_WARN_NON_LITERAL_NULL_CONVERSION = YES;
				CLANG_WARN_OBJC_IMPLICIT_RETAIN_SELF = YES;
				CLANG_WARN_OBJC_LITERAL_CONVERSION = YES;
				CLANG_WARN_OBJC_ROOT_CLASS = YES_ERROR;
				CLANG_WARN_QUOTED_INCLUDE_IN_FRAMEWORK_HEADER = YES;
				CLANG_WARN_RANGE_LOOP_ANALYSIS = YES;
				CLANG_WARN_STRICT_PROTOTYPES = YES;
				CLANG_WARN_SUSPICIOUS_MOVE = YES;
				CLANG_WARN_UNGUARDED_AVAILABILITY = YES_AGGRESSIVE;
				CLANG_WARN_UNREACHABLE_CODE = YES;
				CLANG_WARN__DUPLICATE_METHOD_MATCH = YES;
				COPY_PHASE_STRIP = NO;
				DEBUG_INFORMATION_FORMAT = dwarf;
				ENABLE_STRICT_OBJC_MSGSEND = YES;
				ENABLE_TESTABILITY = YES;
				ENABLE_USER_SCRIPT_SANDBOXING = YES;
				GCC_C_LANGUAGE_STANDARD = gnu17;
				GCC_DYNAMIC_NO_PIC = NO;
				GCC_NO_COMMON_BLOCKS = YES;
				GCC_OPTIMIZATION_LEVEL = 0;
				GCC_PREPROCESSOR_DEFINITIONS = (
					"DEBUG=1",
					"$(inherited)",
				);
				GCC_WARN_64_TO_32_BIT_CONVERSION = YES;
				GCC_WARN_ABOUT_RETURN_TYPE = YES_ERROR;
				GCC_WARN_UNDECLARED_SELECTOR = YES;
				GCC_WARN_UNINITIALIZED_AUTOS = YES_AGGRESSIVE;
				GCC_WARN_UNUSED_FUNCTION = YES;
				GCC_WARN_UNUSED_VARIABLE = YES;
				IPHONEOS_DEPLOYMENT_TARGET = 18.2;
				LOCALIZATION_PREFERS_STRING_CATALOGS = YES;
				MTL_ENABLE_DEBUG_INFO = INCLUDE_SOURCE;
				MTL_FAST_MATH = YES;
				ONLY_ACTIVE_ARCH = YES;
				SDKROOT = iphoneos;
				SWIFT_ACTIVE_COMPILATION_CONDITIONS = "DEBUG $(inherited)";
				SWIFT_OPTIMIZATION_LEVEL = "-Onone";
			};
			name = Debug;
		};
		C9241EFE2D39190700139CB6 /* Release */ = {
			isa = XCBuildConfiguration;
			buildSettings = {
				ALWAYS_SEARCH_USER_PATHS = NO;
				ASSETCATALOG_COMPILER_GENERATE_SWIFT_ASSET_SYMBOL_EXTENSIONS = YES;
				CLANG_ANALYZER_NONNULL = YES;
				CLANG_ANALYZER_NUMBER_OBJECT_CONVERSION = YES_AGGRESSIVE;
				CLANG_CXX_LANGUAGE_STANDARD = "gnu++20";
				CLANG_ENABLE_MODULES = YES;
				CLANG_ENABLE_OBJC_ARC = YES;
				CLANG_ENABLE_OBJC_WEAK = YES;
				CLANG_WARN_BLOCK_CAPTURE_AUTORELEASING = YES;
				CLANG_WARN_BOOL_CONVERSION = YES;
				CLANG_WARN_COMMA = YES;
				CLANG_WARN_CONSTANT_CONVERSION = YES;
				CLANG_WARN_DEPRECATED_OBJC_IMPLEMENTATIONS = YES;
				CLANG_WARN_DIRECT_OBJC_ISA_USAGE = YES_ERROR;
				CLANG_WARN_DOCUMENTATION_COMMENTS = YES;
				CLANG_WARN_EMPTY_BODY = YES;
				CLANG_WARN_ENUM_CONVERSION = YES;
				CLANG_WARN_INFINITE_RECURSION = YES;
				CLANG_WARN_INT_CONVERSION = YES;
				CLANG_WARN_NON_LITERAL_NULL_CONVERSION = YES;
				CLANG_WARN_OBJC_IMPLICIT_RETAIN_SELF = YES;
				CLANG_WARN_OBJC_LITERAL_CONVERSION = YES;
				CLANG_WARN_OBJC_ROOT_CLASS = YES_ERROR;
				CLANG_WARN_QUOTED_INCLUDE_IN_FRAMEWORK_HEADER = YES;
				CLANG_WARN_RANGE_LOOP_ANALYSIS = YES;
				CLANG_WARN_STRICT_PROTOTYPES = YES;
				CLANG_WARN_SUSPICIOUS_MOVE = YES;
				CLANG_WARN_UNGUARDED_AVAILABILITY = YES_AGGRESSIVE;
				CLANG_WARN_UNREACHABLE_CODE = YES;
				CLANG_WARN__DUPLICATE_METHOD_MATCH = YES;
				COPY_PHASE_STRIP = NO;
				DEBUG_INFORMATION_FORMAT = "dwarf-with-dsym";
				ENABLE_NS_ASSERTIONS = NO;
				ENABLE_STRICT_OBJC_MSGSEND = YES;
				ENABLE_USER_SCRIPT_SANDBOXING = YES;
				GCC_C_LANGUAGE_STANDARD = gnu17;
				GCC_NO_COMMON_BLOCKS = YES;
				GCC_WARN_64_TO_32_BIT_CONVERSION = YES;
				GCC_WARN_ABOUT_RETURN_TYPE = YES_ERROR;
				GCC_WARN_UNDECLARED_SELECTOR = YES;
				GCC_WARN_UNINITIALIZED_AUTOS = YES_AGGRESSIVE;
				GCC_WARN_UNUSED_FUNCTION = YES;
				GCC_WARN_UNUSED_VARIABLE = YES;
				IPHONEOS_DEPLOYMENT_TARGET = 18.2;
				LOCALIZATION_PREFERS_STRING_CATALOGS = YES;
				MTL_ENABLE_DEBUG_INFO = NO;
				MTL_FAST_MATH = YES;
				SDKROOT = iphoneos;
				SWIFT_COMPILATION_MODE = wholemodule;
				VALIDATE_PRODUCT = YES;
			};
			name = Release;
		};
		C9241F002D39190700139CB6 /* Debug */ = {
			isa = XCBuildConfiguration;
			buildSettings = {
				ASSETCATALOG_COMPILER_APPICON_NAME = AppIcon;
				ASSETCATALOG_COMPILER_GLOBAL_ACCENT_COLOR_NAME = AccentColor;
				CODE_SIGN_STYLE = Automatic;
				CURRENT_PROJECT_VERSION = 1;
				DEVELOPMENT_ASSET_PATHS = "\"DogBreeds/Preview Content\"";
				DEVELOPMENT_TEAM = 9AR7F497GV;
				ENABLE_PREVIEWS = YES;
				GENERATE_INFOPLIST_FILE = YES;
				INFOPLIST_FILE = DogBreeds/Info.plist;
				INFOPLIST_KEY_UIApplicationSceneManifest_Generation = YES;
				INFOPLIST_KEY_UIApplicationSupportsIndirectInputEvents = YES;
				INFOPLIST_KEY_UILaunchScreen_Generation = YES;
				INFOPLIST_KEY_UILaunchStoryboardName = "Launch Screen";
				INFOPLIST_KEY_UISupportedInterfaceOrientations_iPad = "UIInterfaceOrientationPortrait UIInterfaceOrientationPortraitUpsideDown UIInterfaceOrientationLandscapeLeft UIInterfaceOrientationLandscapeRight";
				INFOPLIST_KEY_UISupportedInterfaceOrientations_iPhone = "UIInterfaceOrientationPortrait UIInterfaceOrientationLandscapeLeft UIInterfaceOrientationLandscapeRight";
				LD_RUNPATH_SEARCH_PATHS = (
					"$(inherited)",
					"@executable_path/Frameworks",
				);
				MARKETING_VERSION = 1.0;
				PRODUCT_BUNDLE_IDENTIFIER = com.buse.DogBreeds;
				PRODUCT_NAME = "$(TARGET_NAME)";
				SWIFT_EMIT_LOC_STRINGS = YES;
				SWIFT_VERSION = 5.0;
				TARGETED_DEVICE_FAMILY = "1,2";
			};
			name = Debug;
		};
		C9241F012D39190700139CB6 /* Release */ = {
			isa = XCBuildConfiguration;
			buildSettings = {
				ASSETCATALOG_COMPILER_APPICON_NAME = AppIcon;
				ASSETCATALOG_COMPILER_GLOBAL_ACCENT_COLOR_NAME = AccentColor;
				CODE_SIGN_STYLE = Automatic;
				CURRENT_PROJECT_VERSION = 1;
				DEVELOPMENT_ASSET_PATHS = "\"DogBreeds/Preview Content\"";
				DEVELOPMENT_TEAM = 9AR7F497GV;
				ENABLE_PREVIEWS = YES;
				GENERATE_INFOPLIST_FILE = YES;
				INFOPLIST_FILE = DogBreeds/Info.plist;
				INFOPLIST_KEY_UIApplicationSceneManifest_Generation = YES;
				INFOPLIST_KEY_UIApplicationSupportsIndirectInputEvents = YES;
				INFOPLIST_KEY_UILaunchScreen_Generation = YES;
				INFOPLIST_KEY_UILaunchStoryboardName = "Launch Screen";
				INFOPLIST_KEY_UISupportedInterfaceOrientations_iPad = "UIInterfaceOrientationPortrait UIInterfaceOrientationPortraitUpsideDown UIInterfaceOrientationLandscapeLeft UIInterfaceOrientationLandscapeRight";
				INFOPLIST_KEY_UISupportedInterfaceOrientations_iPhone = "UIInterfaceOrientationPortrait UIInterfaceOrientationLandscapeLeft UIInterfaceOrientationLandscapeRight";
				LD_RUNPATH_SEARCH_PATHS = (
					"$(inherited)",
					"@executable_path/Frameworks",
				);
				MARKETING_VERSION = 1.0;
				PRODUCT_BUNDLE_IDENTIFIER = com.buse.DogBreeds;
				PRODUCT_NAME = "$(TARGET_NAME)";
				SWIFT_EMIT_LOC_STRINGS = YES;
				SWIFT_VERSION = 5.0;
				TARGETED_DEVICE_FAMILY = "1,2";
			};
			name = Release;
		};
		C9241F032D39190700139CB6 /* Debug */ = {
			isa = XCBuildConfiguration;
			buildSettings = {
				BUNDLE_LOADER = "$(TEST_HOST)";
				CODE_SIGN_STYLE = Automatic;
				CURRENT_PROJECT_VERSION = 1;
				DEVELOPMENT_TEAM = 9AR7F497GV;
				GENERATE_INFOPLIST_FILE = YES;
				IPHONEOS_DEPLOYMENT_TARGET = 18.2;
				MARKETING_VERSION = 1.0;
				PRODUCT_BUNDLE_IDENTIFIER = com.buse.DogBreedsTests;
				PRODUCT_NAME = "$(TARGET_NAME)";
				SWIFT_EMIT_LOC_STRINGS = NO;
				SWIFT_VERSION = 5.0;
				TARGETED_DEVICE_FAMILY = "1,2";
				TEST_HOST = "$(BUILT_PRODUCTS_DIR)/DogBreeds.app/$(BUNDLE_EXECUTABLE_FOLDER_PATH)/DogBreeds";
			};
			name = Debug;
		};
		C9241F042D39190700139CB6 /* Release */ = {
			isa = XCBuildConfiguration;
			buildSettings = {
				BUNDLE_LOADER = "$(TEST_HOST)";
				CODE_SIGN_STYLE = Automatic;
				CURRENT_PROJECT_VERSION = 1;
				DEVELOPMENT_TEAM = 9AR7F497GV;
				GENERATE_INFOPLIST_FILE = YES;
				IPHONEOS_DEPLOYMENT_TARGET = 18.2;
				MARKETING_VERSION = 1.0;
				PRODUCT_BUNDLE_IDENTIFIER = com.buse.DogBreedsTests;
				PRODUCT_NAME = "$(TARGET_NAME)";
				SWIFT_EMIT_LOC_STRINGS = NO;
				SWIFT_VERSION = 5.0;
				TARGETED_DEVICE_FAMILY = "1,2";
				TEST_HOST = "$(BUILT_PRODUCTS_DIR)/DogBreeds.app/$(BUNDLE_EXECUTABLE_FOLDER_PATH)/DogBreeds";
			};
			name = Release;
		};
		C9241F062D39190700139CB6 /* Debug */ = {
			isa = XCBuildConfiguration;
			buildSettings = {
				CODE_SIGN_STYLE = Automatic;
				CURRENT_PROJECT_VERSION = 1;
				DEVELOPMENT_TEAM = 9AR7F497GV;
				GENERATE_INFOPLIST_FILE = YES;
				MARKETING_VERSION = 1.0;
				PRODUCT_BUNDLE_IDENTIFIER = com.buse.DogBreedsUITests;
				PRODUCT_NAME = "$(TARGET_NAME)";
				SWIFT_EMIT_LOC_STRINGS = NO;
				SWIFT_VERSION = 5.0;
				TARGETED_DEVICE_FAMILY = "1,2";
				TEST_TARGET_NAME = DogBreeds;
			};
			name = Debug;
		};
		C9241F072D39190700139CB6 /* Release */ = {
			isa = XCBuildConfiguration;
			buildSettings = {
				CODE_SIGN_STYLE = Automatic;
				CURRENT_PROJECT_VERSION = 1;
				DEVELOPMENT_TEAM = 9AR7F497GV;
				GENERATE_INFOPLIST_FILE = YES;
				MARKETING_VERSION = 1.0;
				PRODUCT_BUNDLE_IDENTIFIER = com.buse.DogBreedsUITests;
				PRODUCT_NAME = "$(TARGET_NAME)";
				SWIFT_EMIT_LOC_STRINGS = NO;
				SWIFT_VERSION = 5.0;
				TARGETED_DEVICE_FAMILY = "1,2";
				TEST_TARGET_NAME = DogBreeds;
			};
			name = Release;
		};
/* End XCBuildConfiguration section */

/* Begin XCConfigurationList section */
		C9241ED12D39190500139CB6 /* Build configuration list for PBXProject "DogBreeds" */ = {
			isa = XCConfigurationList;
			buildConfigurations = (
				C9241EFD2D39190700139CB6 /* Debug */,
				C9241EFE2D39190700139CB6 /* Release */,
			);
			defaultConfigurationIsVisible = 0;
			defaultConfigurationName = Release;
		};
		C9241EFF2D39190700139CB6 /* Build configuration list for PBXNativeTarget "DogBreeds" */ = {
			isa = XCConfigurationList;
			buildConfigurations = (
				C9241F002D39190700139CB6 /* Debug */,
				C9241F012D39190700139CB6 /* Release */,
			);
			defaultConfigurationIsVisible = 0;
			defaultConfigurationName = Release;
		};
		C9241F022D39190700139CB6 /* Build configuration list for PBXNativeTarget "DogBreedsTests" */ = {
			isa = XCConfigurationList;
			buildConfigurations = (
				C9241F032D39190700139CB6 /* Debug */,
				C9241F042D39190700139CB6 /* Release */,
			);
			defaultConfigurationIsVisible = 0;
			defaultConfigurationName = Release;
		};
		C9241F052D39190700139CB6 /* Build configuration list for PBXNativeTarget "DogBreedsUITests" */ = {
			isa = XCConfigurationList;
			buildConfigurations = (
				C9241F062D39190700139CB6 /* Debug */,
				C9241F072D39190700139CB6 /* Release */,
			);
			defaultConfigurationIsVisible = 0;
			defaultConfigurationName = Release;
		};
/* End XCConfigurationList section */

/* Begin XCRemoteSwiftPackageReference section */
		C9981E352D414BDE000ED49A /* XCRemoteSwiftPackageReference "firebase-ios-sdk" */ = {
			isa = XCRemoteSwiftPackageReference;
			repositoryURL = "https://github.com/firebase/firebase-ios-sdk";
			requirement = {
				kind = upToNextMajorVersion;
				minimumVersion = 11.7.0;
			};
		};
/* End XCRemoteSwiftPackageReference section */

/* Begin XCSwiftPackageProductDependency section */
		C9981E362D414BDE000ED49A /* FirebaseDatabase */ = {
			isa = XCSwiftPackageProductDependency;
			package = C9981E352D414BDE000ED49A /* XCRemoteSwiftPackageReference "firebase-ios-sdk" */;
			productName = FirebaseDatabase;
		};
		C9981E392D414D37000ED49A /* FirebaseDatabase */ = {
			isa = XCSwiftPackageProductDependency;
			package = C9981E352D414BDE000ED49A /* XCRemoteSwiftPackageReference "firebase-ios-sdk" */;
			productName = FirebaseDatabase;
		};
		C9981E3B2D414D3F000ED49A /* FirebaseDatabase */ = {
			isa = XCSwiftPackageProductDependency;
			package = C9981E352D414BDE000ED49A /* XCRemoteSwiftPackageReference "firebase-ios-sdk" */;
			productName = FirebaseDatabase;
		};
/* End XCSwiftPackageProductDependency section */
	};
	rootObject = C9241ECE2D39190500139CB6 /* Project object */;
}
