// !$*UTF8*$!
{
	archiveVersion = 1;
	classes = {
	};
	objectVersion = 77;
	objects = {

/* Begin PBXBuildFile section */
		C96C2A662D49519800F40474 /* Assets.xcassets in Resources */ = {isa = PBXBuildFile; fileRef = C96C2A612D49519800F40474 /* Assets.xcassets */; };
		C96C2A672D49519800F40474 /* Preview Assets.xcassets in Resources */ = {isa = PBXBuildFile; fileRef = C96C2A4D2D49519800F40474 /* Preview Assets.xcassets */; };
		C96C2A682D49519800F40474 /* Info.plist in Resources */ = {isa = PBXBuildFile; fileRef = C96C2A642D49519800F40474 /* Info.plist */; };
		C96C2A692D49519800F40474 /* GoogleService-Info.plist in Resources */ = {isa = PBXBuildFile; fileRef = C96C2A632D49519800F40474 /* GoogleService-Info.plist */; };
		C96C2A6A2D49519800F40474 /* DataManager.swift in Sources */ = {isa = PBXBuildFile; fileRef = C96C2A4B2D49519800F40474 /* DataManager.swift */; };
		C96C2A6B2D49519800F40474 /* MainPageHeaderButtonLabelView.swift in Sources */ = {isa = PBXBuildFile; fileRef = C96C2A5E2D49519800F40474 /* MainPageHeaderButtonLabelView.swift */; };
		C96C2A6C2D49519800F40474 /* DogPhotoView.swift in Sources */ = {isa = PBXBuildFile; fileRef = C96C2A572D49519800F40474 /* DogPhotoView.swift */; };
		C96C2A6D2D49519800F40474 /* DogBreedsApp.swift in Sources */ = {isa = PBXBuildFile; fileRef = C96C2A622D49519800F40474 /* DogBreedsApp.swift */; };
		C96C2A6E2D49519800F40474 /* NetworkError.swift in Sources */ = {isa = PBXBuildFile; fileRef = C96C2A462D49519800F40474 /* NetworkError.swift */; };
		C96C2A6F2D49519800F40474 /* EmptyFavoritesView.swift in Sources */ = {isa = PBXBuildFile; fileRef = C96C2A582D49519800F40474 /* EmptyFavoritesView.swift */; };
		C96C2A702D49519800F40474 /* TraitsGridView.swift in Sources */ = {isa = PBXBuildFile; fileRef = C96C2A5F2D49519800F40474 /* TraitsGridView.swift */; };
		C96C2A712D49519800F40474 /* Modifiers.swift in Sources */ = {isa = PBXBuildFile; fileRef = C96C2A512D49519800F40474 /* Modifiers.swift */; };
		C96C2A722D49519800F40474 /* FavoriteBreedsView.swift in Sources */ = {isa = PBXBuildFile; fileRef = C96C2A592D49519800F40474 /* FavoriteBreedsView.swift */; };
		C96C2A732D49519800F40474 /* MainPageView.swift in Sources */ = {isa = PBXBuildFile; fileRef = C96C2A422D49519800F40474 /* MainPageView.swift */; };
		C96C2A742D49519800F40474 /* DetailsPageToolbarItemView.swift in Sources */ = {isa = PBXBuildFile; fileRef = C96C2A562D49519800F40474 /* DetailsPageToolbarItemView.swift */; };
		C96C2A752D49519800F40474 /* CarouselView.swift in Sources */ = {isa = PBXBuildFile; fileRef = C96C2A542D49519800F40474 /* CarouselView.swift */; };
		C96C2A762D49519800F40474 /* Constants.swift in Sources */ = {isa = PBXBuildFile; fileRef = C96C2A4F2D49519800F40474 /* Constants.swift */; };
		C96C2A772D49519800F40474 /* HeaderView.swift in Sources */ = {isa = PBXBuildFile; fileRef = C96C2A5B2D49519800F40474 /* HeaderView.swift */; };
		C96C2A782D49519800F40474 /* HeightWeihtGridView.swift in Sources */ = {isa = PBXBuildFile; fileRef = C96C2A5C2D49519800F40474 /* HeightWeihtGridView.swift */; };
		C96C2A792D49519800F40474 /* MainPageGridView.swift in Sources */ = {isa = PBXBuildFile; fileRef = C96C2A5D2D49519800F40474 /* MainPageGridView.swift */; };
		C96C2A7A2D49519800F40474 /* BreedGridItemView.swift in Sources */ = {isa = PBXBuildFile; fileRef = C96C2A532D49519800F40474 /* BreedGridItemView.swift */; };
		C96C2A7B2D49519800F40474 /* GroupedBreedsView.swift in Sources */ = {isa = PBXBuildFile; fileRef = C96C2A5A2D49519800F40474 /* GroupedBreedsView.swift */; };
		C96C2A7C2D49519800F40474 /* Extensions.swift in Sources */ = {isa = PBXBuildFile; fileRef = C96C2A502D49519800F40474 /* Extensions.swift */; };
		C96C2A7D2D49519800F40474 /* DetailsPageView.swift in Sources */ = {isa = PBXBuildFile; fileRef = C96C2A412D49519800F40474 /* DetailsPageView.swift */; };
		C96C2A7E2D49519800F40474 /* BreedManager.swift in Sources */ = {isa = PBXBuildFile; fileRef = C96C2A482D49519800F40474 /* BreedManager.swift */; };
		C96C2A7F2D49519800F40474 /* DogBreedModel.swift in Sources */ = {isa = PBXBuildFile; fileRef = C96C2A442D49519800F40474 /* DogBreedModel.swift */; };
		C96C2A802D49519800F40474 /* DetailsGridDataView.swift in Sources */ = {isa = PBXBuildFile; fileRef = C96C2A552D49519800F40474 /* DetailsGridDataView.swift */; };
		C96C2A812D49519800F40474 /* FirebaseManager.swift in Sources */ = {isa = PBXBuildFile; fileRef = C96C2A492D49519800F40474 /* FirebaseManager.swift */; };
		C96C2A872D4951A800F40474 /* MockData.json in Resources */ = {isa = PBXBuildFile; fileRef = C96C2A822D4951A800F40474 /* MockData.json */; };
		C96C2A882D4951A800F40474 /* MockDataManager.swift in Sources */ = {isa = PBXBuildFile; fileRef = C96C2A832D4951A800F40474 /* MockDataManager.swift */; };
		C96C2A892D4951A800F40474 /* DataManagerUnitTests.swift in Sources */ = {isa = PBXBuildFile; fileRef = C96C2A852D4951A800F40474 /* DataManagerUnitTests.swift */; };
		C96C2A8D2D4951B400F40474 /* DetailsPageUITests.swift in Sources */ = {isa = PBXBuildFile; fileRef = C96C2A8A2D4951B400F40474 /* DetailsPageUITests.swift */; };
		C96C2A8E2D4951B400F40474 /* MainPageUITests.swift in Sources */ = {isa = PBXBuildFile; fileRef = C96C2A8B2D4951B400F40474 /* MainPageUITests.swift */; };
		C96C2A902D49520E00F40474 /* .gitignore in Resources */ = {isa = PBXBuildFile; fileRef = C96C2A8F2D49520E00F40474 /* .gitignore */; };
		C96C2A922D49526400F40474 /* Launch Screen.storyboard in Resources */ = {isa = PBXBuildFile; fileRef = C96C2A912D49526400F40474 /* Launch Screen.storyboard */; };
/* End PBXBuildFile section */

/* Begin PBXContainerItemProxy section */
		C96C2A252D49516700F40474 /* PBXContainerItemProxy */ = {
			isa = PBXContainerItemProxy;
			containerPortal = C96C2A0C2D49516400F40474 /* Project object */;
			proxyType = 1;
			remoteGlobalIDString = C96C2A132D49516400F40474;
			remoteInfo = DogBreeds;
		};
		C96C2A2F2D49516700F40474 /* PBXContainerItemProxy */ = {
			isa = PBXContainerItemProxy;
			containerPortal = C96C2A0C2D49516400F40474 /* Project object */;
			proxyType = 1;
			remoteGlobalIDString = C96C2A132D49516400F40474;
			remoteInfo = DogBreeds;
		};
/* End PBXContainerItemProxy section */

/* Begin PBXFileReference section */
		C96C2A142D49516400F40474 /* DogBreeds.app */ = {isa = PBXFileReference; explicitFileType = wrapper.application; includeInIndex = 0; path = DogBreeds.app; sourceTree = BUILT_PRODUCTS_DIR; };
		C96C2A242D49516700F40474 /* DogBreedsTests.xctest */ = {isa = PBXFileReference; explicitFileType = wrapper.cfbundle; includeInIndex = 0; path = DogBreedsTests.xctest; sourceTree = BUILT_PRODUCTS_DIR; };
		C96C2A2E2D49516700F40474 /* DogBreedsUITests.xctest */ = {isa = PBXFileReference; explicitFileType = wrapper.cfbundle; includeInIndex = 0; path = DogBreedsUITests.xctest; sourceTree = BUILT_PRODUCTS_DIR; };
		C96C2A412D49519800F40474 /* DetailsPageView.swift */ = {isa = PBXFileReference; lastKnownFileType = sourcecode.swift; path = DetailsPageView.swift; sourceTree = "<group>"; };
		C96C2A422D49519800F40474 /* MainPageView.swift */ = {isa = PBXFileReference; lastKnownFileType = sourcecode.swift; path = MainPageView.swift; sourceTree = "<group>"; };
		C96C2A442D49519800F40474 /* DogBreedModel.swift */ = {isa = PBXFileReference; lastKnownFileType = sourcecode.swift; path = DogBreedModel.swift; sourceTree = "<group>"; };
		C96C2A462D49519800F40474 /* NetworkError.swift */ = {isa = PBXFileReference; lastKnownFileType = sourcecode.swift; path = NetworkError.swift; sourceTree = "<group>"; };
		C96C2A482D49519800F40474 /* BreedManager.swift */ = {isa = PBXFileReference; lastKnownFileType = sourcecode.swift; path = BreedManager.swift; sourceTree = "<group>"; };
		C96C2A492D49519800F40474 /* FirebaseManager.swift */ = {isa = PBXFileReference; lastKnownFileType = sourcecode.swift; path = FirebaseManager.swift; sourceTree = "<group>"; };
		C96C2A4B2D49519800F40474 /* DataManager.swift */ = {isa = PBXFileReference; lastKnownFileType = sourcecode.swift; path = DataManager.swift; sourceTree = "<group>"; };
		C96C2A4D2D49519800F40474 /* Preview Assets.xcassets */ = {isa = PBXFileReference; lastKnownFileType = folder.assetcatalog; path = "Preview Assets.xcassets"; sourceTree = "<group>"; };
		C96C2A4F2D49519800F40474 /* Constants.swift */ = {isa = PBXFileReference; lastKnownFileType = sourcecode.swift; path = Constants.swift; sourceTree = "<group>"; };
		C96C2A502D49519800F40474 /* Extensions.swift */ = {isa = PBXFileReference; lastKnownFileType = sourcecode.swift; path = Extensions.swift; sourceTree = "<group>"; };
		C96C2A512D49519800F40474 /* Modifiers.swift */ = {isa = PBXFileReference; lastKnownFileType = sourcecode.swift; path = Modifiers.swift; sourceTree = "<group>"; };
		C96C2A532D49519800F40474 /* BreedGridItemView.swift */ = {isa = PBXFileReference; lastKnownFileType = sourcecode.swift; path = BreedGridItemView.swift; sourceTree = "<group>"; };
		C96C2A542D49519800F40474 /* CarouselView.swift */ = {isa = PBXFileReference; lastKnownFileType = sourcecode.swift; path = CarouselView.swift; sourceTree = "<group>"; };
		C96C2A552D49519800F40474 /* DetailsGridDataView.swift */ = {isa = PBXFileReference; lastKnownFileType = sourcecode.swift; path = DetailsGridDataView.swift; sourceTree = "<group>"; };
		C96C2A562D49519800F40474 /* DetailsPageToolbarItemView.swift */ = {isa = PBXFileReference; lastKnownFileType = sourcecode.swift; path = DetailsPageToolbarItemView.swift; sourceTree = "<group>"; };
		C96C2A572D49519800F40474 /* DogPhotoView.swift */ = {isa = PBXFileReference; lastKnownFileType = sourcecode.swift; path = DogPhotoView.swift; sourceTree = "<group>"; };
		C96C2A582D49519800F40474 /* EmptyFavoritesView.swift */ = {isa = PBXFileReference; lastKnownFileType = sourcecode.swift; path = EmptyFavoritesView.swift; sourceTree = "<group>"; };
		C96C2A592D49519800F40474 /* FavoriteBreedsView.swift */ = {isa = PBXFileReference; lastKnownFileType = sourcecode.swift; path = FavoriteBreedsView.swift; sourceTree = "<group>"; };
		C96C2A5A2D49519800F40474 /* GroupedBreedsView.swift */ = {isa = PBXFileReference; lastKnownFileType = sourcecode.swift; path = GroupedBreedsView.swift; sourceTree = "<group>"; };
		C96C2A5B2D49519800F40474 /* HeaderView.swift */ = {isa = PBXFileReference; lastKnownFileType = sourcecode.swift; path = HeaderView.swift; sourceTree = "<group>"; };
		C96C2A5C2D49519800F40474 /* HeightWeihtGridView.swift */ = {isa = PBXFileReference; lastKnownFileType = sourcecode.swift; path = HeightWeihtGridView.swift; sourceTree = "<group>"; };
		C96C2A5D2D49519800F40474 /* MainPageGridView.swift */ = {isa = PBXFileReference; lastKnownFileType = sourcecode.swift; path = MainPageGridView.swift; sourceTree = "<group>"; };
		C96C2A5E2D49519800F40474 /* MainPageHeaderButtonLabelView.swift */ = {isa = PBXFileReference; lastKnownFileType = sourcecode.swift; path = MainPageHeaderButtonLabelView.swift; sourceTree = "<group>"; };
		C96C2A5F2D49519800F40474 /* TraitsGridView.swift */ = {isa = PBXFileReference; lastKnownFileType = sourcecode.swift; path = TraitsGridView.swift; sourceTree = "<group>"; };
		C96C2A612D49519800F40474 /* Assets.xcassets */ = {isa = PBXFileReference; lastKnownFileType = folder.assetcatalog; path = Assets.xcassets; sourceTree = "<group>"; };
		C96C2A622D49519800F40474 /* DogBreedsApp.swift */ = {isa = PBXFileReference; lastKnownFileType = sourcecode.swift; path = DogBreedsApp.swift; sourceTree = "<group>"; };
		C96C2A632D49519800F40474 /* GoogleService-Info.plist */ = {isa = PBXFileReference; lastKnownFileType = text.plist.xml; path = "GoogleService-Info.plist"; sourceTree = "<group>"; };
		C96C2A642D49519800F40474 /* Info.plist */ = {isa = PBXFileReference; lastKnownFileType = text.plist.xml; path = Info.plist; sourceTree = "<group>"; };
		C96C2A822D4951A800F40474 /* MockData.json */ = {isa = PBXFileReference; lastKnownFileType = text.json; path = MockData.json; sourceTree = "<group>"; };
		C96C2A832D4951A800F40474 /* MockDataManager.swift */ = {isa = PBXFileReference; lastKnownFileType = sourcecode.swift; path = MockDataManager.swift; sourceTree = "<group>"; };
		C96C2A852D4951A800F40474 /* DataManagerUnitTests.swift */ = {isa = PBXFileReference; lastKnownFileType = sourcecode.swift; path = DataManagerUnitTests.swift; sourceTree = "<group>"; };
		C96C2A8A2D4951B400F40474 /* DetailsPageUITests.swift */ = {isa = PBXFileReference; lastKnownFileType = sourcecode.swift; path = DetailsPageUITests.swift; sourceTree = "<group>"; };
		C96C2A8B2D4951B400F40474 /* MainPageUITests.swift */ = {isa = PBXFileReference; lastKnownFileType = sourcecode.swift; path = MainPageUITests.swift; sourceTree = "<group>"; };
		C96C2A8F2D49520E00F40474 /* .gitignore */ = {isa = PBXFileReference; lastKnownFileType = text; path = .gitignore; sourceTree = "<group>"; };
		C96C2A912D49526400F40474 /* Launch Screen.storyboard */ = {isa = PBXFileReference; lastKnownFileType = file.storyboard; path = "Launch Screen.storyboard"; sourceTree = "<group>"; };
/* End PBXFileReference section */

/* Begin PBXFrameworksBuildPhase section */
		C96C2A112D49516400F40474 /* Frameworks */ = {
			isa = PBXFrameworksBuildPhase;
			buildActionMask = 2147483647;
			files = (
			);
			runOnlyForDeploymentPostprocessing = 0;
		};
		C96C2A212D49516700F40474 /* Frameworks */ = {
			isa = PBXFrameworksBuildPhase;
			buildActionMask = 2147483647;
			files = (
			);
			runOnlyForDeploymentPostprocessing = 0;
		};
		C96C2A2B2D49516700F40474 /* Frameworks */ = {
			isa = PBXFrameworksBuildPhase;
			buildActionMask = 2147483647;
			files = (
			);
			runOnlyForDeploymentPostprocessing = 0;
		};
/* End PBXFrameworksBuildPhase section */

/* Begin PBXGroup section */
		C96C2A0B2D49516400F40474 = {
			isa = PBXGroup;
			children = (
				C96C2A912D49526400F40474 /* Launch Screen.storyboard */,
				C96C2A8F2D49520E00F40474 /* .gitignore */,
				C96C2A652D49519800F40474 /* DogBreeds */,
				C96C2A8C2D4951B400F40474 /* DogBreedsUITests */,
				C96C2A862D4951A800F40474 /* DogBreedsTests */,
				C96C2A152D49516400F40474 /* Products */,
			);
			sourceTree = "<group>";
		};
		C96C2A152D49516400F40474 /* Products */ = {
			isa = PBXGroup;
			children = (
				C96C2A142D49516400F40474 /* DogBreeds.app */,
				C96C2A242D49516700F40474 /* DogBreedsTests.xctest */,
				C96C2A2E2D49516700F40474 /* DogBreedsUITests.xctest */,
			);
			name = Products;
			sourceTree = "<group>";
		};
		C96C2A432D49519800F40474 /* App */ = {
			isa = PBXGroup;
			children = (
				C96C2A412D49519800F40474 /* DetailsPageView.swift */,
				C96C2A422D49519800F40474 /* MainPageView.swift */,
			);
			path = App;
			sourceTree = "<group>";
		};
		C96C2A452D49519800F40474 /* Data */ = {
			isa = PBXGroup;
			children = (
				C96C2A442D49519800F40474 /* DogBreedModel.swift */,
			);
			path = Data;
			sourceTree = "<group>";
		};
		C96C2A472D49519800F40474 /* Error */ = {
			isa = PBXGroup;
			children = (
				C96C2A462D49519800F40474 /* NetworkError.swift */,
			);
			path = Error;
			sourceTree = "<group>";
		};
		C96C2A4A2D49519800F40474 /* Model */ = {
			isa = PBXGroup;
			children = (
				C96C2A482D49519800F40474 /* BreedManager.swift */,
				C96C2A492D49519800F40474 /* FirebaseManager.swift */,
			);
			path = Model;
			sourceTree = "<group>";
		};
		C96C2A4C2D49519800F40474 /* Network */ = {
			isa = PBXGroup;
			children = (
				C96C2A4B2D49519800F40474 /* DataManager.swift */,
			);
			path = Network;
			sourceTree = "<group>";
		};
		C96C2A4E2D49519800F40474 /* Preview Content */ = {
			isa = PBXGroup;
			children = (
				C96C2A4D2D49519800F40474 /* Preview Assets.xcassets */,
			);
			path = "Preview Content";
			sourceTree = "<group>";
		};
		C96C2A522D49519800F40474 /* Utility */ = {
			isa = PBXGroup;
			children = (
				C96C2A4F2D49519800F40474 /* Constants.swift */,
				C96C2A502D49519800F40474 /* Extensions.swift */,
				C96C2A512D49519800F40474 /* Modifiers.swift */,
			);
			path = Utility;
			sourceTree = "<group>";
		};
		C96C2A602D49519800F40474 /* View */ = {
			isa = PBXGroup;
			children = (
				C96C2A532D49519800F40474 /* BreedGridItemView.swift */,
				C96C2A542D49519800F40474 /* CarouselView.swift */,
				C96C2A552D49519800F40474 /* DetailsGridDataView.swift */,
				C96C2A562D49519800F40474 /* DetailsPageToolbarItemView.swift */,
				C96C2A572D49519800F40474 /* DogPhotoView.swift */,
				C96C2A582D49519800F40474 /* EmptyFavoritesView.swift */,
				C96C2A592D49519800F40474 /* FavoriteBreedsView.swift */,
				C96C2A5A2D49519800F40474 /* GroupedBreedsView.swift */,
				C96C2A5B2D49519800F40474 /* HeaderView.swift */,
				C96C2A5C2D49519800F40474 /* HeightWeihtGridView.swift */,
				C96C2A5D2D49519800F40474 /* MainPageGridView.swift */,
				C96C2A5E2D49519800F40474 /* MainPageHeaderButtonLabelView.swift */,
				C96C2A5F2D49519800F40474 /* TraitsGridView.swift */,
			);
			path = View;
			sourceTree = "<group>";
		};
		C96C2A652D49519800F40474 /* DogBreeds */ = {
			isa = PBXGroup;
			children = (
				C96C2A432D49519800F40474 /* App */,
				C96C2A452D49519800F40474 /* Data */,
				C96C2A472D49519800F40474 /* Error */,
				C96C2A4A2D49519800F40474 /* Model */,
				C96C2A4C2D49519800F40474 /* Network */,
				C96C2A4E2D49519800F40474 /* Preview Content */,
				C96C2A522D49519800F40474 /* Utility */,
				C96C2A602D49519800F40474 /* View */,
				C96C2A612D49519800F40474 /* Assets.xcassets */,
				C96C2A622D49519800F40474 /* DogBreedsApp.swift */,
				C96C2A632D49519800F40474 /* GoogleService-Info.plist */,
				C96C2A642D49519800F40474 /* Info.plist */,
			);
			path = DogBreeds;
			sourceTree = "<group>";
		};
		C96C2A842D4951A800F40474 /* Mocks */ = {
			isa = PBXGroup;
			children = (
				C96C2A822D4951A800F40474 /* MockData.json */,
				C96C2A832D4951A800F40474 /* MockDataManager.swift */,
			);
			path = Mocks;
			sourceTree = "<group>";
		};
		C96C2A862D4951A800F40474 /* DogBreedsTests */ = {
			isa = PBXGroup;
			children = (
				C96C2A842D4951A800F40474 /* Mocks */,
				C96C2A852D4951A800F40474 /* DataManagerUnitTests.swift */,
			);
			path = DogBreedsTests;
			sourceTree = "<group>";
		};
		C96C2A8C2D4951B400F40474 /* DogBreedsUITests */ = {
			isa = PBXGroup;
			children = (
				C96C2A8A2D4951B400F40474 /* DetailsPageUITests.swift */,
				C96C2A8B2D4951B400F40474 /* MainPageUITests.swift */,
			);
			path = DogBreedsUITests;
			sourceTree = "<group>";
		};
/* End PBXGroup section */

/* Begin PBXNativeTarget section */
		C96C2A132D49516400F40474 /* DogBreeds */ = {
			isa = PBXNativeTarget;
			buildConfigurationList = C96C2A382D49516700F40474 /* Build configuration list for PBXNativeTarget "DogBreeds" */;
			buildPhases = (
				C96C2A102D49516400F40474 /* Sources */,
				C96C2A112D49516400F40474 /* Frameworks */,
				C96C2A122D49516400F40474 /* Resources */,
			);
			buildRules = (
			);
			dependencies = (
			);
			name = DogBreeds;
			packageProductDependencies = (
			);
			productName = DogBreeds;
			productReference = C96C2A142D49516400F40474 /* DogBreeds.app */;
			productType = "com.apple.product-type.application";
		};
		C96C2A232D49516700F40474 /* DogBreedsTests */ = {
			isa = PBXNativeTarget;
			buildConfigurationList = C96C2A3B2D49516700F40474 /* Build configuration list for PBXNativeTarget "DogBreedsTests" */;
			buildPhases = (
				C96C2A202D49516700F40474 /* Sources */,
				C96C2A212D49516700F40474 /* Frameworks */,
				C96C2A222D49516700F40474 /* Resources */,
			);
			buildRules = (
			);
			dependencies = (
				C96C2A262D49516700F40474 /* PBXTargetDependency */,
			);
			name = DogBreedsTests;
			packageProductDependencies = (
			);
			productName = DogBreedsTests;
			productReference = C96C2A242D49516700F40474 /* DogBreedsTests.xctest */;
			productType = "com.apple.product-type.bundle.unit-test";
		};
		C96C2A2D2D49516700F40474 /* DogBreedsUITests */ = {
			isa = PBXNativeTarget;
			buildConfigurationList = C96C2A3E2D49516700F40474 /* Build configuration list for PBXNativeTarget "DogBreedsUITests" */;
			buildPhases = (
				C96C2A2A2D49516700F40474 /* Sources */,
				C96C2A2B2D49516700F40474 /* Frameworks */,
				C96C2A2C2D49516700F40474 /* Resources */,
			);
			buildRules = (
			);
			dependencies = (
				C96C2A302D49516700F40474 /* PBXTargetDependency */,
			);
			name = DogBreedsUITests;
			packageProductDependencies = (
			);
			productName = DogBreedsUITests;
			productReference = C96C2A2E2D49516700F40474 /* DogBreedsUITests.xctest */;
			productType = "com.apple.product-type.bundle.ui-testing";
		};
/* End PBXNativeTarget section */

/* Begin PBXProject section */
		C96C2A0C2D49516400F40474 /* Project object */ = {
			isa = PBXProject;
			attributes = {
				BuildIndependentTargetsInParallel = 1;
				LastSwiftUpdateCheck = 1620;
				LastUpgradeCheck = 1620;
				TargetAttributes = {
					C96C2A132D49516400F40474 = {
						CreatedOnToolsVersion = 16.2;
					};
					C96C2A232D49516700F40474 = {
						CreatedOnToolsVersion = 16.2;
						TestTargetID = C96C2A132D49516400F40474;
					};
					C96C2A2D2D49516700F40474 = {
						CreatedOnToolsVersion = 16.2;
						TestTargetID = C96C2A132D49516400F40474;
					};
				};
			};
			buildConfigurationList = C96C2A0F2D49516400F40474 /* Build configuration list for PBXProject "DogBreeds" */;
			developmentRegion = en;
			hasScannedForEncodings = 0;
			knownRegions = (
				en,
				Base,
			);
			mainGroup = C96C2A0B2D49516400F40474;
			minimizedProjectReferenceProxies = 1;
			preferredProjectObjectVersion = 77;
			productRefGroup = C96C2A152D49516400F40474 /* Products */;
			projectDirPath = "";
			projectRoot = "";
			targets = (
				C96C2A132D49516400F40474 /* DogBreeds */,
				C96C2A232D49516700F40474 /* DogBreedsTests */,
				C96C2A2D2D49516700F40474 /* DogBreedsUITests */,
			);
		};
/* End PBXProject section */

/* Begin PBXResourcesBuildPhase section */
		C96C2A122D49516400F40474 /* Resources */ = {
			isa = PBXResourcesBuildPhase;
			buildActionMask = 2147483647;
			files = (
				C96C2A922D49526400F40474 /* Launch Screen.storyboard in Resources */,
				C96C2A902D49520E00F40474 /* .gitignore in Resources */,
				C96C2A662D49519800F40474 /* Assets.xcassets in Resources */,
				C96C2A672D49519800F40474 /* Preview Assets.xcassets in Resources */,
				C96C2A682D49519800F40474 /* Info.plist in Resources */,
				C96C2A692D49519800F40474 /* GoogleService-Info.plist in Resources */,
			);
			runOnlyForDeploymentPostprocessing = 0;
		};
		C96C2A222D49516700F40474 /* Resources */ = {
			isa = PBXResourcesBuildPhase;
			buildActionMask = 2147483647;
			files = (
				C96C2A872D4951A800F40474 /* MockData.json in Resources */,
			);
			runOnlyForDeploymentPostprocessing = 0;
		};
		C96C2A2C2D49516700F40474 /* Resources */ = {
			isa = PBXResourcesBuildPhase;
			buildActionMask = 2147483647;
			files = (
			);
			runOnlyForDeploymentPostprocessing = 0;
		};
/* End PBXResourcesBuildPhase section */

/* Begin PBXSourcesBuildPhase section */
		C96C2A102D49516400F40474 /* Sources */ = {
			isa = PBXSourcesBuildPhase;
			buildActionMask = 2147483647;
			files = (
				C96C2A6A2D49519800F40474 /* DataManager.swift in Sources */,
				C96C2A6B2D49519800F40474 /* MainPageHeaderButtonLabelView.swift in Sources */,
				C96C2A6C2D49519800F40474 /* DogPhotoView.swift in Sources */,
				C96C2A6D2D49519800F40474 /* DogBreedsApp.swift in Sources */,
				C96C2A6E2D49519800F40474 /* NetworkError.swift in Sources */,
				C96C2A6F2D49519800F40474 /* EmptyFavoritesView.swift in Sources */,
				C96C2A702D49519800F40474 /* TraitsGridView.swift in Sources */,
				C96C2A712D49519800F40474 /* Modifiers.swift in Sources */,
				C96C2A722D49519800F40474 /* FavoriteBreedsView.swift in Sources */,
				C96C2A732D49519800F40474 /* MainPageView.swift in Sources */,
				C96C2A742D49519800F40474 /* DetailsPageToolbarItemView.swift in Sources */,
				C96C2A752D49519800F40474 /* CarouselView.swift in Sources */,
				C96C2A762D49519800F40474 /* Constants.swift in Sources */,
				C96C2A772D49519800F40474 /* HeaderView.swift in Sources */,
				C96C2A782D49519800F40474 /* HeightWeihtGridView.swift in Sources */,
				C96C2A792D49519800F40474 /* MainPageGridView.swift in Sources */,
				C96C2A7A2D49519800F40474 /* BreedGridItemView.swift in Sources */,
				C96C2A7B2D49519800F40474 /* GroupedBreedsView.swift in Sources */,
				C96C2A7C2D49519800F40474 /* Extensions.swift in Sources */,
				C96C2A7D2D49519800F40474 /* DetailsPageView.swift in Sources */,
				C96C2A7E2D49519800F40474 /* BreedManager.swift in Sources */,
				C96C2A7F2D49519800F40474 /* DogBreedModel.swift in Sources */,
				C96C2A802D49519800F40474 /* DetailsGridDataView.swift in Sources */,
				C96C2A812D49519800F40474 /* FirebaseManager.swift in Sources */,
			);
			runOnlyForDeploymentPostprocessing = 0;
		};
		C96C2A202D49516700F40474 /* Sources */ = {
			isa = PBXSourcesBuildPhase;
			buildActionMask = 2147483647;
			files = (
				C96C2A882D4951A800F40474 /* MockDataManager.swift in Sources */,
				C96C2A892D4951A800F40474 /* DataManagerUnitTests.swift in Sources */,
			);
			runOnlyForDeploymentPostprocessing = 0;
		};
		C96C2A2A2D49516700F40474 /* Sources */ = {
			isa = PBXSourcesBuildPhase;
			buildActionMask = 2147483647;
			files = (
				C96C2A8D2D4951B400F40474 /* DetailsPageUITests.swift in Sources */,
				C96C2A8E2D4951B400F40474 /* MainPageUITests.swift in Sources */,
			);
			runOnlyForDeploymentPostprocessing = 0;
		};
/* End PBXSourcesBuildPhase section */

/* Begin PBXTargetDependency section */
		C96C2A262D49516700F40474 /* PBXTargetDependency */ = {
			isa = PBXTargetDependency;
			target = C96C2A132D49516400F40474 /* DogBreeds */;
			targetProxy = C96C2A252D49516700F40474 /* PBXContainerItemProxy */;
		};
		C96C2A302D49516700F40474 /* PBXTargetDependency */ = {
			isa = PBXTargetDependency;
			target = C96C2A132D49516400F40474 /* DogBreeds */;
			targetProxy = C96C2A2F2D49516700F40474 /* PBXContainerItemProxy */;
		};
/* End PBXTargetDependency section */

/* Begin XCBuildConfiguration section */
		C96C2A362D49516700F40474 /* Debug */ = {
			isa = XCBuildConfiguration;
			buildSettings = {
				ALWAYS_SEARCH_USER_PATHS = NO;
				ASSETCATALOG_COMPILER_GENERATE_SWIFT_ASSET_SYMBOL_EXTENSIONS = YES;
				CLANG_ANALYZER_NONNULL = YES;
				CLANG_ANALYZER_NUMBER_OBJECT_CONVERSION = YES_AGGRESSIVE;
				CLANG_CXX_LANGUAGE_STANDARD = "gnu++20";
				CLANG_ENABLE_MODULES = YES;
				CLANG_ENABLE_OBJC_ARC = YES;
				CLANG_ENABLE_OBJC_WEAK = YES;
				CLANG_WARN_BLOCK_CAPTURE_AUTORELEASING = YES;
				CLANG_WARN_BOOL_CONVERSION = YES;
				CLANG_WARN_COMMA = YES;
				CLANG_WARN_CONSTANT_CONVERSION = YES;
				CLANG_WARN_DEPRECATED_OBJC_IMPLEMENTATIONS = YES;
				CLANG_WARN_DIRECT_OBJC_ISA_USAGE = YES_ERROR;
				CLANG_WARN_DOCUMENTATION_COMMENTS = YES;
				CLANG_WARN_EMPTY_BODY = YES;
				CLANG_WARN_ENUM_CONVERSION = YES;
				CLANG_WARN_INFINITE_RECURSION = YES;
				CLANG_WARN_INT_CONVERSION = YES;
				CLANG_WARN_NON_LITERAL_NULL_CONVERSION = YES;
				CLANG_WARN_OBJC_IMPLICIT_RETAIN_SELF = YES;
				CLANG_WARN_OBJC_LITERAL_CONVERSION = YES;
				CLANG_WARN_OBJC_ROOT_CLASS = YES_ERROR;
				CLANG_WARN_QUOTED_INCLUDE_IN_FRAMEWORK_HEADER = YES;
				CLANG_WARN_RANGE_LOOP_ANALYSIS = YES;
				CLANG_WARN_STRICT_PROTOTYPES = YES;
				CLANG_WARN_SUSPICIOUS_MOVE = YES;
				CLANG_WARN_UNGUARDED_AVAILABILITY = YES_AGGRESSIVE;
				CLANG_WARN_UNREACHABLE_CODE = YES;
				CLANG_WARN__DUPLICATE_METHOD_MATCH = YES;
				COPY_PHASE_STRIP = NO;
				DEBUG_INFORMATION_FORMAT = dwarf;
				ENABLE_STRICT_OBJC_MSGSEND = YES;
				ENABLE_TESTABILITY = YES;
				ENABLE_USER_SCRIPT_SANDBOXING = YES;
				GCC_C_LANGUAGE_STANDARD = gnu17;
				GCC_DYNAMIC_NO_PIC = NO;
				GCC_NO_COMMON_BLOCKS = YES;
				GCC_OPTIMIZATION_LEVEL = 0;
				GCC_PREPROCESSOR_DEFINITIONS = (
					"DEBUG=1",
					"$(inherited)",
				);
				GCC_WARN_64_TO_32_BIT_CONVERSION = YES;
				GCC_WARN_ABOUT_RETURN_TYPE = YES_ERROR;
				GCC_WARN_UNDECLARED_SELECTOR = YES;
				GCC_WARN_UNINITIALIZED_AUTOS = YES_AGGRESSIVE;
				GCC_WARN_UNUSED_FUNCTION = YES;
				GCC_WARN_UNUSED_VARIABLE = YES;
				IPHONEOS_DEPLOYMENT_TARGET = 18.2;
				LOCALIZATION_PREFERS_STRING_CATALOGS = YES;
				MTL_ENABLE_DEBUG_INFO = INCLUDE_SOURCE;
				MTL_FAST_MATH = YES;
				ONLY_ACTIVE_ARCH = YES;
				SDKROOT = iphoneos;
				SWIFT_ACTIVE_COMPILATION_CONDITIONS = "DEBUG $(inherited)";
				SWIFT_OPTIMIZATION_LEVEL = "-Onone";
			};
			name = Debug;
		};
		C96C2A372D49516700F40474 /* Release */ = {
			isa = XCBuildConfiguration;
			buildSettings = {
				ALWAYS_SEARCH_USER_PATHS = NO;
				ASSETCATALOG_COMPILER_GENERATE_SWIFT_ASSET_SYMBOL_EXTENSIONS = YES;
				CLANG_ANALYZER_NONNULL = YES;
				CLANG_ANALYZER_NUMBER_OBJECT_CONVERSION = YES_AGGRESSIVE;
				CLANG_CXX_LANGUAGE_STANDARD = "gnu++20";
				CLANG_ENABLE_MODULES = YES;
				CLANG_ENABLE_OBJC_ARC = YES;
				CLANG_ENABLE_OBJC_WEAK = YES;
				CLANG_WARN_BLOCK_CAPTURE_AUTORELEASING = YES;
				CLANG_WARN_BOOL_CONVERSION = YES;
				CLANG_WARN_COMMA = YES;
				CLANG_WARN_CONSTANT_CONVERSION = YES;
				CLANG_WARN_DEPRECATED_OBJC_IMPLEMENTATIONS = YES;
				CLANG_WARN_DIRECT_OBJC_ISA_USAGE = YES_ERROR;
				CLANG_WARN_DOCUMENTATION_COMMENTS = YES;
				CLANG_WARN_EMPTY_BODY = YES;
				CLANG_WARN_ENUM_CONVERSION = YES;
				CLANG_WARN_INFINITE_RECURSION = YES;
				CLANG_WARN_INT_CONVERSION = YES;
				CLANG_WARN_NON_LITERAL_NULL_CONVERSION = YES;
				CLANG_WARN_OBJC_IMPLICIT_RETAIN_SELF = YES;
				CLANG_WARN_OBJC_LITERAL_CONVERSION = YES;
				CLANG_WARN_OBJC_ROOT_CLASS = YES_ERROR;
				CLANG_WARN_QUOTED_INCLUDE_IN_FRAMEWORK_HEADER = YES;
				CLANG_WARN_RANGE_LOOP_ANALYSIS = YES;
				CLANG_WARN_STRICT_PROTOTYPES = YES;
				CLANG_WARN_SUSPICIOUS_MOVE = YES;
				CLANG_WARN_UNGUARDED_AVAILABILITY = YES_AGGRESSIVE;
				CLANG_WARN_UNREACHABLE_CODE = YES;
				CLANG_WARN__DUPLICATE_METHOD_MATCH = YES;
				COPY_PHASE_STRIP = NO;
				DEBUG_INFORMATION_FORMAT = "dwarf-with-dsym";
				ENABLE_NS_ASSERTIONS = NO;
				ENABLE_STRICT_OBJC_MSGSEND = YES;
				ENABLE_USER_SCRIPT_SANDBOXING = YES;
				GCC_C_LANGUAGE_STANDARD = gnu17;
				GCC_NO_COMMON_BLOCKS = YES;
				GCC_WARN_64_TO_32_BIT_CONVERSION = YES;
				GCC_WARN_ABOUT_RETURN_TYPE = YES_ERROR;
				GCC_WARN_UNDECLARED_SELECTOR = YES;
				GCC_WARN_UNINITIALIZED_AUTOS = YES_AGGRESSIVE;
				GCC_WARN_UNUSED_FUNCTION = YES;
				GCC_WARN_UNUSED_VARIABLE = YES;
				IPHONEOS_DEPLOYMENT_TARGET = 18.2;
				LOCALIZATION_PREFERS_STRING_CATALOGS = YES;
				MTL_ENABLE_DEBUG_INFO = NO;
				MTL_FAST_MATH = YES;
				SDKROOT = iphoneos;
				SWIFT_COMPILATION_MODE = wholemodule;
				VALIDATE_PRODUCT = YES;
			};
			name = Release;
		};
		C96C2A392D49516700F40474 /* Debug */ = {
			isa = XCBuildConfiguration;
			buildSettings = {
				ASSETCATALOG_COMPILER_APPICON_NAME = AppIcon;
				ASSETCATALOG_COMPILER_GLOBAL_ACCENT_COLOR_NAME = AccentColor;
				CODE_SIGN_STYLE = Automatic;
				CURRENT_PROJECT_VERSION = 1;
				DEVELOPMENT_ASSET_PATHS = "\"DogBreeds/Preview Content\"";
				DEVELOPMENT_TEAM = 9AR7F497GV;
				ENABLE_PREVIEWS = YES;
				GENERATE_INFOPLIST_FILE = YES;
				INFOPLIST_KEY_UIApplicationSceneManifest_Generation = YES;
				INFOPLIST_KEY_UIApplicationSupportsIndirectInputEvents = YES;
				INFOPLIST_KEY_UILaunchScreen_Generation = YES;
				INFOPLIST_KEY_UISupportedInterfaceOrientations_iPad = "UIInterfaceOrientationPortrait UIInterfaceOrientationPortraitUpsideDown UIInterfaceOrientationLandscapeLeft UIInterfaceOrientationLandscapeRight";
				INFOPLIST_KEY_UISupportedInterfaceOrientations_iPhone = "UIInterfaceOrientationPortrait UIInterfaceOrientationLandscapeLeft UIInterfaceOrientationLandscapeRight";
				LD_RUNPATH_SEARCH_PATHS = (
					"$(inherited)",
					"@executable_path/Frameworks",
				);
				MARKETING_VERSION = 1.0;
				PRODUCT_BUNDLE_IDENTIFIER = com.BuseKarabiyik.DogBreeds;
				PRODUCT_NAME = "$(TARGET_NAME)";
				SWIFT_EMIT_LOC_STRINGS = YES;
				SWIFT_VERSION = 5.0;
				TARGETED_DEVICE_FAMILY = "1,2";
			};
			name = Debug;
		};
		C96C2A3A2D49516700F40474 /* Release */ = {
			isa = XCBuildConfiguration;
			buildSettings = {
				ASSETCATALOG_COMPILER_APPICON_NAME = AppIcon;
				ASSETCATALOG_COMPILER_GLOBAL_ACCENT_COLOR_NAME = AccentColor;
				CODE_SIGN_STYLE = Automatic;
				CURRENT_PROJECT_VERSION = 1;
				DEVELOPMENT_ASSET_PATHS = "\"DogBreeds/Preview Content\"";
				DEVELOPMENT_TEAM = 9AR7F497GV;
				ENABLE_PREVIEWS = YES;
				GENERATE_INFOPLIST_FILE = YES;
				INFOPLIST_KEY_UIApplicationSceneManifest_Generation = YES;
				INFOPLIST_KEY_UIApplicationSupportsIndirectInputEvents = YES;
				INFOPLIST_KEY_UILaunchScreen_Generation = YES;
				INFOPLIST_KEY_UISupportedInterfaceOrientations_iPad = "UIInterfaceOrientationPortrait UIInterfaceOrientationPortraitUpsideDown UIInterfaceOrientationLandscapeLeft UIInterfaceOrientationLandscapeRight";
				INFOPLIST_KEY_UISupportedInterfaceOrientations_iPhone = "UIInterfaceOrientationPortrait UIInterfaceOrientationLandscapeLeft UIInterfaceOrientationLandscapeRight";
				LD_RUNPATH_SEARCH_PATHS = (
					"$(inherited)",
					"@executable_path/Frameworks",
				);
				MARKETING_VERSION = 1.0;
				PRODUCT_BUNDLE_IDENTIFIER = com.BuseKarabiyik.DogBreeds;
				PRODUCT_NAME = "$(TARGET_NAME)";
				SWIFT_EMIT_LOC_STRINGS = YES;
				SWIFT_VERSION = 5.0;
				TARGETED_DEVICE_FAMILY = "1,2";
			};
			name = Release;
		};
		C96C2A3C2D49516700F40474 /* Debug */ = {
			isa = XCBuildConfiguration;
			buildSettings = {
				BUNDLE_LOADER = "$(TEST_HOST)";
				CODE_SIGN_STYLE = Automatic;
				CURRENT_PROJECT_VERSION = 1;
				DEVELOPMENT_TEAM = 9AR7F497GV;
				GENERATE_INFOPLIST_FILE = YES;
				IPHONEOS_DEPLOYMENT_TARGET = 18.2;
				MARKETING_VERSION = 1.0;
				PRODUCT_BUNDLE_IDENTIFIER = com.BuseKarabiyik.DogBreedsTests;
				PRODUCT_NAME = "$(TARGET_NAME)";
				SWIFT_EMIT_LOC_STRINGS = NO;
				SWIFT_VERSION = 5.0;
				TARGETED_DEVICE_FAMILY = "1,2";
				TEST_HOST = "$(BUILT_PRODUCTS_DIR)/DogBreeds.app/$(BUNDLE_EXECUTABLE_FOLDER_PATH)/DogBreeds";
			};
			name = Debug;
		};
		C96C2A3D2D49516700F40474 /* Release */ = {
			isa = XCBuildConfiguration;
			buildSettings = {
				BUNDLE_LOADER = "$(TEST_HOST)";
				CODE_SIGN_STYLE = Automatic;
				CURRENT_PROJECT_VERSION = 1;
				DEVELOPMENT_TEAM = 9AR7F497GV;
				GENERATE_INFOPLIST_FILE = YES;
				IPHONEOS_DEPLOYMENT_TARGET = 18.2;
				MARKETING_VERSION = 1.0;
				PRODUCT_BUNDLE_IDENTIFIER = com.BuseKarabiyik.DogBreedsTests;
				PRODUCT_NAME = "$(TARGET_NAME)";
				SWIFT_EMIT_LOC_STRINGS = NO;
				SWIFT_VERSION = 5.0;
				TARGETED_DEVICE_FAMILY = "1,2";
				TEST_HOST = "$(BUILT_PRODUCTS_DIR)/DogBreeds.app/$(BUNDLE_EXECUTABLE_FOLDER_PATH)/DogBreeds";
			};
			name = Release;
		};
		C96C2A3F2D49516700F40474 /* Debug */ = {
			isa = XCBuildConfiguration;
			buildSettings = {
				CODE_SIGN_STYLE = Automatic;
				CURRENT_PROJECT_VERSION = 1;
				DEVELOPMENT_TEAM = 9AR7F497GV;
				GENERATE_INFOPLIST_FILE = YES;
				MARKETING_VERSION = 1.0;
				PRODUCT_BUNDLE_IDENTIFIER = com.BuseKarabiyik.DogBreedsUITests;
				PRODUCT_NAME = "$(TARGET_NAME)";
				SWIFT_EMIT_LOC_STRINGS = NO;
				SWIFT_VERSION = 5.0;
				TARGETED_DEVICE_FAMILY = "1,2";
				TEST_TARGET_NAME = DogBreeds;
			};
			name = Debug;
		};
		C96C2A402D49516700F40474 /* Release */ = {
			isa = XCBuildConfiguration;
			buildSettings = {
				CODE_SIGN_STYLE = Automatic;
				CURRENT_PROJECT_VERSION = 1;
				DEVELOPMENT_TEAM = 9AR7F497GV;
				GENERATE_INFOPLIST_FILE = YES;
				MARKETING_VERSION = 1.0;
				PRODUCT_BUNDLE_IDENTIFIER = com.BuseKarabiyik.DogBreedsUITests;
				PRODUCT_NAME = "$(TARGET_NAME)";
				SWIFT_EMIT_LOC_STRINGS = NO;
				SWIFT_VERSION = 5.0;
				TARGETED_DEVICE_FAMILY = "1,2";
				TEST_TARGET_NAME = DogBreeds;
			};
			name = Release;
		};
/* End XCBuildConfiguration section */

/* Begin XCConfigurationList section */
		C96C2A0F2D49516400F40474 /* Build configuration list for PBXProject "DogBreeds" */ = {
			isa = XCConfigurationList;
			buildConfigurations = (
				C96C2A362D49516700F40474 /* Debug */,
				C96C2A372D49516700F40474 /* Release */,
			);
			defaultConfigurationIsVisible = 0;
			defaultConfigurationName = Release;
		};
		C96C2A382D49516700F40474 /* Build configuration list for PBXNativeTarget "DogBreeds" */ = {
			isa = XCConfigurationList;
			buildConfigurations = (
				C96C2A392D49516700F40474 /* Debug */,
				C96C2A3A2D49516700F40474 /* Release */,
			);
			defaultConfigurationIsVisible = 0;
			defaultConfigurationName = Release;
		};
		C96C2A3B2D49516700F40474 /* Build configuration list for PBXNativeTarget "DogBreedsTests" */ = {
			isa = XCConfigurationList;
			buildConfigurations = (
				C96C2A3C2D49516700F40474 /* Debug */,
				C96C2A3D2D49516700F40474 /* Release */,
			);
			defaultConfigurationIsVisible = 0;
			defaultConfigurationName = Release;
		};
		C96C2A3E2D49516700F40474 /* Build configuration list for PBXNativeTarget "DogBreedsUITests" */ = {
			isa = XCConfigurationList;
			buildConfigurations = (
				C96C2A3F2D49516700F40474 /* Debug */,
				C96C2A402D49516700F40474 /* Release */,
			);
			defaultConfigurationIsVisible = 0;
			defaultConfigurationName = Release;
		};
/* End XCConfigurationList section */
	};
	rootObject = C96C2A0C2D49516400F40474 /* Project object */;
}
